
Microsoft Visual Studio Solution File, Format Version 12.00
# Visual Studio Version 17
VisualStudioVersion = 17.7.34024.191
MinimumVisualStudioVersion = 10.0.40219.1
Project("{FAE04EC0-301F-11D3-BF4B-00C04F79EFBC}") = "GUI", "GUI\GUI.csproj", "{42396A62-ECFE-4F56-9B1E-493D7AC04E26}"
EndProject
Project("{FAE04EC0-301F-11D3-BF4B-00C04F79EFBC}") = "BLL", "BLL\BLL.csproj", "{08B65D49-B587-498F-9625-18E1A9C16DC3}"
EndProject
Project("{FAE04EC0-301F-11D3-BF4B-00C04F79EFBC}") = "Reporte", "Reporte\Reporte.csproj", "{369223A4-6B25-4116-B404-EF3E8C6702D4}"
EndProject
Global
	GlobalSection(SolutionConfigurationPlatforms) = preSolution
		Debug|Any CPU = Debug|Any CPU
		Release|Any CPU = Release|Any CPU
	EndGlobalSection
	GlobalSection(ProjectConfigurationPlatforms) = postSolution
		{42396A62-ECFE-4F56-9B1E-493D7AC04E26}.Debug|Any CPU.ActiveCfg = Debug|Any CPU
		{42396A62-ECFE-4F56-9B1E-493D7AC04E26}.Debug|Any CPU.Build.0 = Debug|Any CPU
		{42396A62-ECFE-4F56-9B1E-493D7AC04E26}.Release|Any CPU.ActiveCfg = Release|Any CPU
		{42396A62-ECFE-4F56-9B1E-493D7AC04E26}.Release|Any CPU.Build.0 = Release|Any CPU
		{08B65D49-B587-498F-9625-18E1A9C16DC3}.Debug|Any CPU.ActiveCfg = Debug|Any CPU
		{08B65D49-B587-498F-9625-18E1A9C16DC3}.Debug|Any CPU.Build.0 = Debug|Any CPU
		{08B65D49-B587-498F-9625-18E1A9C16DC3}.Release|Any CPU.ActiveCfg = Release|Any CPU
		{08B65D49-B587-498F-9625-18E1A9C16DC3}.Release|Any CPU.Build.0 = Release|Any CPU
		{369223A4-6B25-4116-B404-EF3E8C6702D4}.Debug|Any CPU.ActiveCfg = Debug|Any CPU
		{369223A4-6B25-4116-B404-EF3E8C6702D4}.Debug|Any CPU.Build.0 = Debug|Any CPU
		{369223A4-6B25-4116-B404-EF3E8C6702D4}.Release|Any CPU.ActiveCfg = Release|Any CPU
		{369223A4-6B25-4116-B404-EF3E8C6702D4}.Release|Any CPU.Build.0 = Release|Any CPU
	EndGlobalSection
	GlobalSection(SolutionProperties) = preSolution
		HideSolutionNode = FALSE
	EndGlobalSection
	GlobalSection(ExtensibilityGlobals) = postSolution
		SolutionGuid = {9A95DBE4-7E86-4275-A574-6C4301882DC9}
	EndGlobalSection
EndGlobal
